
Microsoft Visual Studio Solution File, Format Version 12.00
# Visual Studio 15
VisualStudioVersion = 15.0.26430.13
MinimumVisualStudioVersion = 10.0.40219.1
Project("{FAE04EC0-301F-11D3-BF4B-00C04F79EFBC}") = "Lesson02", "Lesson02\Lesson02.csproj", "{CAD463AE-194C-4EBD-97FF-EC2503F59F56}"
EndProject
Project("{FAE04EC0-301F-11D3-BF4B-00C04F79EFBC}") = "Scenario2_1", "Scenario2_1\Scenario2_1.csproj", "{A6E83865-D40A-4186-A046-88B8C4A22759}"
EndProject
Project("{FAE04EC0-301F-11D3-BF4B-00C04F79EFBC}") = "Scenario2_2", "Scenario2_2\Scenario2_2.csproj", "{F975721C-237D-4E5D-A1FF-087EFC5625DA}"
EndProject
Project("{FAE04EC0-301F-11D3-BF4B-00C04F79EFBC}") = "Scenario2_3", "Scenario2_3\Scenario2_3.csproj", "{298DF5AA-F2B1-430E-B321-7B2C5D7BE1C0}"
EndProject
Global
	GlobalSection(SolutionConfigurationPlatforms) = preSolution
		Debug|Any CPU = Debug|Any CPU
		Release|Any CPU = Release|Any CPU
	EndGlobalSection
	GlobalSection(ProjectConfigurationPlatforms) = postSolution
		{CAD463AE-194C-4EBD-97FF-EC2503F59F56}.Debug|Any CPU.ActiveCfg = Debug|Any CPU
		{CAD463AE-194C-4EBD-97FF-EC2503F59F56}.Debug|Any CPU.Build.0 = Debug|Any CPU
		{CAD463AE-194C-4EBD-97FF-EC2503F59F56}.Release|Any CPU.ActiveCfg = Release|Any CPU
		{CAD463AE-194C-4EBD-97FF-EC2503F59F56}.Release|Any CPU.Build.0 = Release|Any CPU
		{A6E83865-D40A-4186-A046-88B8C4A22759}.Debug|Any CPU.ActiveCfg = Debug|Any CPU
		{A6E83865-D40A-4186-A046-88B8C4A22759}.Debug|Any CPU.Build.0 = Debug|Any CPU
		{A6E83865-D40A-4186-A046-88B8C4A22759}.Release|Any CPU.ActiveCfg = Release|Any CPU
		{A6E83865-D40A-4186-A046-88B8C4A22759}.Release|Any CPU.Build.0 = Release|Any CPU
		{F975721C-237D-4E5D-A1FF-087EFC5625DA}.Debug|Any CPU.ActiveCfg = Debug|Any CPU
		{F975721C-237D-4E5D-A1FF-087EFC5625DA}.Debug|Any CPU.Build.0 = Debug|Any CPU
		{F975721C-237D-4E5D-A1FF-087EFC5625DA}.Release|Any CPU.ActiveCfg = Release|Any CPU
		{F975721C-237D-4E5D-A1FF-087EFC5625DA}.Release|Any CPU.Build.0 = Release|Any CPU
		{298DF5AA-F2B1-430E-B321-7B2C5D7BE1C0}.Debug|Any CPU.ActiveCfg = Debug|Any CPU
		{298DF5AA-F2B1-430E-B321-7B2C5D7BE1C0}.Debug|Any CPU.Build.0 = Debug|Any CPU
		{298DF5AA-F2B1-430E-B321-7B2C5D7BE1C0}.Release|Any CPU.ActiveCfg = Release|Any CPU
		{298DF5AA-F2B1-430E-B321-7B2C5D7BE1C0}.Release|Any CPU.Build.0 = Release|Any CPU
	EndGlobalSection
	GlobalSection(SolutionProperties) = preSolution
		HideSolutionNode = FALSE
	EndGlobalSection
EndGlobal
