
Microsoft Visual Studio Solution File, Format Version 12.00
# Visual Studio 15
VisualStudioVersion = 15.0.26430.13
MinimumVisualStudioVersion = 10.0.40219.1
Project("{FAE04EC0-301F-11D3-BF4B-00C04F79EFBC}") = "IntroducingCS", "IntroducingCS\IntroducingCS.csproj", "{EA672F23-802A-459A-9AAC-2C1DAEA2C667}"
EndProject
Project("{FAE04EC0-301F-11D3-BF4B-00C04F79EFBC}") = "if_Statement", "if_Statement\if_Statement.csproj", "{2CBA3BE8-AD2F-4C4F-9CB4-64F0B76F4408}"
EndProject
Project("{FAE04EC0-301F-11D3-BF4B-00C04F79EFBC}") = "ifelse_Statement", "ifelse_Statement\ifelse_Statement.csproj", "{64FFBF2A-D9F7-4A18-9AA4-F85E8CF9F991}"
EndProject
Global
	GlobalSection(SolutionConfigurationPlatforms) = preSolution
		Debug|Any CPU = Debug|Any CPU
		Release|Any CPU = Release|Any CPU
	EndGlobalSection
	GlobalSection(ProjectConfigurationPlatforms) = postSolution
		{EA672F23-802A-459A-9AAC-2C1DAEA2C667}.Debug|Any CPU.ActiveCfg = Debug|Any CPU
		{EA672F23-802A-459A-9AAC-2C1DAEA2C667}.Debug|Any CPU.Build.0 = Debug|Any CPU
		{EA672F23-802A-459A-9AAC-2C1DAEA2C667}.Release|Any CPU.ActiveCfg = Release|Any CPU
		{EA672F23-802A-459A-9AAC-2C1DAEA2C667}.Release|Any CPU.Build.0 = Release|Any CPU
		{2CBA3BE8-AD2F-4C4F-9CB4-64F0B76F4408}.Debug|Any CPU.ActiveCfg = Debug|Any CPU
		{2CBA3BE8-AD2F-4C4F-9CB4-64F0B76F4408}.Debug|Any CPU.Build.0 = Debug|Any CPU
		{2CBA3BE8-AD2F-4C4F-9CB4-64F0B76F4408}.Release|Any CPU.ActiveCfg = Release|Any CPU
		{2CBA3BE8-AD2F-4C4F-9CB4-64F0B76F4408}.Release|Any CPU.Build.0 = Release|Any CPU
		{64FFBF2A-D9F7-4A18-9AA4-F85E8CF9F991}.Debug|Any CPU.ActiveCfg = Debug|Any CPU
		{64FFBF2A-D9F7-4A18-9AA4-F85E8CF9F991}.Debug|Any CPU.Build.0 = Debug|Any CPU
		{64FFBF2A-D9F7-4A18-9AA4-F85E8CF9F991}.Release|Any CPU.ActiveCfg = Release|Any CPU
		{64FFBF2A-D9F7-4A18-9AA4-F85E8CF9F991}.Release|Any CPU.Build.0 = Release|Any CPU
	EndGlobalSection
	GlobalSection(SolutionProperties) = preSolution
		HideSolutionNode = FALSE
	EndGlobalSection
EndGlobal
